schema: '2.0'
stages:
  prepare:
    cmd: python src/prepare.py
    deps:
    - path: data/train.csv
      hash: md5
      md5: 5d4ad3f8e7d34ca35b12ba1a81108afa
      size: 4179435
    - path: src/config.py
      hash: md5
      md5: 333ba276d7c9446bb605680a60f89a71
      size: 419
    - path: src/prepare.py
      hash: md5
      md5: 6d6473bb3d2a553c44142606333da9e9
      size: 2565
    outs:
    - path: data/processed_train.csv
      hash: md5
      md5: 5d36d74c4cf3e83f6e876192ed98a237
      size: 5274111
    - path: data/processed_valid.csv
      hash: md5
      md5: 2350782f26686fd68d44f174359cf53f
      size: 1319038
  train:
    cmd: python src/train.py
    deps:
    - path: data/processed_train.csv
      hash: md5
      md5: 5d36d74c4cf3e83f6e876192ed98a237
      size: 5274111
    - path: data/processed_valid.csv
      hash: md5
      md5: 2350782f26686fd68d44f174359cf53f
      size: 1319038
    - path: src/config.py
      hash: md5
      md5: 333ba276d7c9446bb605680a60f89a71
      size: 419
    - path: src/factory.py
      hash: md5
      md5: 69d584667484d398065bad8a9272a937
      size: 2340
    - path: src/train.py
      hash: md5
      md5: e83071b41c9bc00e077525a4fddc4669
      size: 1759
    outs:
    - path: models/ANN.keras
      hash: md5
      md5: 3f0e9f7c27f0b820b7923f45d65209c8
      size: 106607
    - path: models/history.csv
      hash: md5
      md5: feda9b58fddd3939f13479646f6d27fe
      size: 1921
  evaluate:
    cmd: python src/evaluate.py
    deps:
    - path: data/test.csv
      hash: md5
      md5: 9872a43e302c39631f8d8db72bff3d7c
      size: 1044001
    - path: models/ANN.keras
      hash: md5
      md5: 3f0e9f7c27f0b820b7923f45d65209c8
      size: 106607
    - path: src/evaluate.py
      hash: md5
      md5: abbc744f69d6750993ba9c8449f51298
      size: 1285
    - path: src/prepare.py
      hash: md5
      md5: 6d6473bb3d2a553c44142606333da9e9
      size: 2565
    outs:
    - path: models/metrics.json
      hash: md5
      md5: d2e89dc4df264b554a0bc97995df7e00
      size: 107
